
Microsoft Visual Studio Solution File, Format Version 12.00
# Visual Studio Version 17
VisualStudioVersion = 17.3.32804.467
MinimumVisualStudioVersion = 10.0.40219.1
Project("{FAE04EC0-301F-11D3-BF4B-00C04F79EFBC}") = "Eventide", "Eventide\Eventide.csproj", "{7842C0FD-6BF2-4938-8E46-DB85DAAECB38}"
EndProject
Project("{FAE04EC0-301F-11D3-BF4B-00C04F79EFBC}") = "Pong", "Pong\Pong.csproj", "{7B5E8DC1-9751-450C-84DD-28A45EE28176}"
EndProject
Global
	GlobalSection(SolutionConfigurationPlatforms) = preSolution
		Debug|Any CPU = Debug|Any CPU
		Release|Any CPU = Release|Any CPU
	EndGlobalSection
	GlobalSection(ProjectConfigurationPlatforms) = postSolution
		{7842C0FD-6BF2-4938-8E46-DB85DAAECB38}.Debug|Any CPU.ActiveCfg = Debug|Any CPU
		{7842C0FD-6BF2-4938-8E46-DB85DAAECB38}.Debug|Any CPU.Build.0 = Debug|Any CPU
		{7842C0FD-6BF2-4938-8E46-DB85DAAECB38}.Release|Any CPU.ActiveCfg = Release|Any CPU
		{7842C0FD-6BF2-4938-8E46-DB85DAAECB38}.Release|Any CPU.Build.0 = Release|Any CPU
		{7B5E8DC1-9751-450C-84DD-28A45EE28176}.Debug|Any CPU.ActiveCfg = Debug|Any CPU
		{7B5E8DC1-9751-450C-84DD-28A45EE28176}.Debug|Any CPU.Build.0 = Debug|Any CPU
		{7B5E8DC1-9751-450C-84DD-28A45EE28176}.Release|Any CPU.ActiveCfg = Release|Any CPU
		{7B5E8DC1-9751-450C-84DD-28A45EE28176}.Release|Any CPU.Build.0 = Release|Any CPU
	EndGlobalSection
	GlobalSection(SolutionProperties) = preSolution
		HideSolutionNode = FALSE
	EndGlobalSection
	GlobalSection(ExtensibilityGlobals) = postSolution
		SolutionGuid = {CF4FDE1B-BFC4-4DD9-80DC-998DE059144B}
	EndGlobalSection
EndGlobal
